
Microsoft Visual Studio Solution File, Format Version 12.00
# Visual Studio Version 17
VisualStudioVersion = 17.9.34723.18
MinimumVisualStudioVersion = 10.0.40219.1
Project("{9A19103F-16F7-4668-BE54-9A1E7A4F7556}") = "WinFormsAppFirst", "WinFormsAppFirst\WinFormsAppFirst.csproj", "{9E4A6491-3B31-4196-A46E-3B0DC1A0EF7F}"
EndProject
Project("{FAE04EC0-301F-11D3-BF4B-00C04F79EFBC}") = "WinFormsAppFirst_2", "WinFormsAppFirst_2\WinFormsAppFirst_2.csproj", "{23C3B1F2-0D75-4231-8CC6-419C19C4D350}"
EndProject
Project("{FAE04EC0-301F-11D3-BF4B-00C04F79EFBC}") = "WinFormsAppFirst_3", "WinFormsAppFirst_3\WinFormsAppFirst_3.csproj", "{3B179E41-EE64-4590-866F-656FA1089143}"
EndProject
Global
	GlobalSection(SolutionConfigurationPlatforms) = preSolution
		Debug|Any CPU = Debug|Any CPU
		Release|Any CPU = Release|Any CPU
	EndGlobalSection
	GlobalSection(ProjectConfigurationPlatforms) = postSolution
		{9E4A6491-3B31-4196-A46E-3B0DC1A0EF7F}.Debug|Any CPU.ActiveCfg = Debug|Any CPU
		{9E4A6491-3B31-4196-A46E-3B0DC1A0EF7F}.Debug|Any CPU.Build.0 = Debug|Any CPU
		{9E4A6491-3B31-4196-A46E-3B0DC1A0EF7F}.Release|Any CPU.ActiveCfg = Release|Any CPU
		{9E4A6491-3B31-4196-A46E-3B0DC1A0EF7F}.Release|Any CPU.Build.0 = Release|Any CPU
		{23C3B1F2-0D75-4231-8CC6-419C19C4D350}.Debug|Any CPU.ActiveCfg = Debug|Any CPU
		{23C3B1F2-0D75-4231-8CC6-419C19C4D350}.Debug|Any CPU.Build.0 = Debug|Any CPU
		{23C3B1F2-0D75-4231-8CC6-419C19C4D350}.Release|Any CPU.ActiveCfg = Release|Any CPU
		{23C3B1F2-0D75-4231-8CC6-419C19C4D350}.Release|Any CPU.Build.0 = Release|Any CPU
		{3B179E41-EE64-4590-866F-656FA1089143}.Debug|Any CPU.ActiveCfg = Debug|Any CPU
		{3B179E41-EE64-4590-866F-656FA1089143}.Debug|Any CPU.Build.0 = Debug|Any CPU
		{3B179E41-EE64-4590-866F-656FA1089143}.Release|Any CPU.ActiveCfg = Release|Any CPU
		{3B179E41-EE64-4590-866F-656FA1089143}.Release|Any CPU.Build.0 = Release|Any CPU
	EndGlobalSection
	GlobalSection(SolutionProperties) = preSolution
		HideSolutionNode = FALSE
	EndGlobalSection
	GlobalSection(ExtensibilityGlobals) = postSolution
		SolutionGuid = {5305ECD0-0988-42DC-AB4A-95ECD8137DD9}
	EndGlobalSection
EndGlobal
